github.com/RealA10N/view v0.0.0-20240730210142-12ac8c463849 h1:5qVPcU955I2Rl9NHpNDhbn/uXqKMaoq1ZwrS3U5NwLE=
github.com/RealA10N/view v0.0.0-20240730210142-12ac8c463849/go.mod h1:/IDFePLoS9YzsHo43IyYtpda9/N9IxaQoXXzqgsa31E=
github.com/RealA10N/view v0.0.0-20240801185018-b2db6207b44f h1:C/xTK42lwX4XZArVvYhBKalP4yPDRXaOb0fBxD/MwDM=
github.com/RealA10N/view v0.0.0-20240801185018-b2db6207b44f/go.mod h1:/IDFePLoS9YzsHo43IyYtpda9/N9IxaQoXXzqgsa31E=
github.com/RealA10N/view v0.0.0-20240801194257-a2b7e817a6a9 h1:3ysDm3XgRKKrN350wv9PqClrgNbhH1Q7MDqrLOWnvcw=
github.com/RealA10N/view v0.0.0-20240801194257-a2b7e817a6a9/go.mod h1:/IDFePLoS9YzsHo43IyYtpda9/N9IxaQoXXzqgsa31E=
github.com/RealA10N/view v0.0.0-20240801205320-6c24849bfbea h1:p0gXd8rCK+9uieqMrj9ObXGKysIdU+QdmREV5SvOfDI=
github.com/RealA10N/view v0.0.0-20240801205320-6c24849bfbea/go.mod h1:/IDFePLoS9YzsHo43IyYtpda9/N9IxaQoXXzqgsa31E=
github.com/RealA10N/view v0.0.0-20240801214538-0b7133defc7b h1:z3ipbWCJm64IN7SCq5LM4LsxX5N7AB+qD6TIoK9e5w0=
github.com/RealA10N/view v0.0.0-20240801214538-0b7133defc7b/go.mod h1:b0iBi+f/nBnJOqjmQu8+Gj02+EI8vRtajVvp8cGwCw4=
github.com/RealA10N/view v0.0.0-20240802004550-539fd3cde2ef h1:dS78hP7CfRSwjwLu+nYQri1Z1OhBShm5+lzdfPhJjw8=
github.com/RealA10N/view v0.0.0-20240802004550-539fd3cde2ef/go.mod h1:b0iBi+f/nBnJOqjmQu8+Gj02+EI8vRtajVvp8cGwCw4=
github.com/RealA10N/view v0.0.0-20240802072707-a42acf42c115 h1:jTDQeWDinxn1YUv8MZVMDtAM2ntS8HttYdxF6TAnvHU=
github.com/RealA10N/view v0.0.0-20240802072707-a42acf42c115/go.mod h1:b0iBi+f/nBnJOqjmQu8+Gj02+EI8vRtajVvp8cGwCw4=
github.com/davecgh/go-spew v1.1.1 h1:vj9j/u1bqnvCEfJOwUhtlOARqs3+rkHYY13jYWTU97c=
github.com/davecgh/go-spew v1.1.1/go.mod h1:J7Y8YcW2NihsgmVo/mv3lAwl/skON4iLHjSsI+c5H38=
github.com/pmezard/go-difflib v1.0.0 h1:4DBwDE0NGyQoBHbLQYPwSUPoCMWR5BEzIk/f1lZbAQM=
github.com/pmezard/go-difflib v1.0.0/go.mod h1:iKH77koFhYxTK1pcRnkKkqfTogsbg7gZNVY4sRDYZ/4=
github.com/stretchr/testify v1.9.0 h1:HtqpIVDClZ4nwg75+f6Lvsy/wHu+3BoSGCbBAcpTsTg=
github.com/stretchr/testify v1.9.0/go.mod h1:r2ic/lqez/lEtzL7wO/rwa5dbSLXVDPFyf8C91i36aY=
golang.org/x/exp v0.0.0-20240719175910-8a7402abbf56 h1:2dVuKD2vS7b0QIHQbpyTISPd0LeHDbnYEryqj5Q1ug8=
golang.org/x/exp v0.0.0-20240719175910-8a7402abbf56/go.mod h1:M4RDyNAINzryxdtnbRXRL/OHtkFuWGRjvuhBJpk2IlY=
gopkg.in/check.v1 v0.0.0-20161208181325-20d25e280405 h1:yhCVgyC4o1eVCa2tZl7eS0r+SDo693bJlVdllGtEeKM=
gopkg.in/check.v1 v0.0.0-20161208181325-20d25e280405/go.mod h1:Co6ibVJAznAaIkqp8huTwlJQCZ016jof/cbN4VW5Yz0=
gopkg.in/yaml.v3 v3.0.1 h1:fxVm/GzAzEWqLHuvctI91KS9hhNmmWOoWu0XTYJS7CA=
gopkg.in/yaml.v3 v3.0.1/go.mod h1:K4uyk7z7BCEPqu6E+C64Yfv1cQ7kz7rIZviUmN+EgEM=
