alon.kr/x/aarch64codegen v0.0.0-20250420200320-da97d04a6117 h1:nIdaBakuc5EDLwgAFrCivxBe9AIn66XUpJidnrbriJQ=
alon.kr/x/aarch64codegen v0.0.0-20250420200320-da97d04a6117/go.mod h1:WAdZYqOdp9KwoBjWamrMDAphahR5oXkPSICj3+tLIyQ=
alon.kr/x/faststringmap v0.0.0-20241117165103-5662ddd92b26 h1:sbHgDrA+fbPX3SPAUOR8KoxBpHx13gbs1+ho9oid17E=
alon.kr/x/faststringmap v0.0.0-20241117165103-5662ddd92b26/go.mod h1:dPORoTvAFIehHRaI/lfJV3eT6PL5tY7fpAtxzz7rQVw=
alon.kr/x/graph v0.0.0-20250319212444-dd67d0281ab7 h1:0d/oLvPQWc1B38ZfWfJ5UQXeHx9JT8gmp3K0AOOG8aQ=
alon.kr/x/graph v0.0.0-20250319212444-dd67d0281ab7/go.mod h1:Cat+EJocX/ddkDX1quMqwe+itOfD7DILXV76nG0tk8Q=
alon.kr/x/list v0.0.0-20241203223347-3173d76828c0 h1:NedGw3ZJMKT9Y4RByuogGfBEXT4st8eX/XO5frezx6o=
alon.kr/x/list v0.0.0-20241203223347-3173d76828c0/go.mod h1:7syBFMuVmxetKppmlKe6nQlp2BRueprI1r8/d7GB7fs=
alon.kr/x/macho v0.0.0-20250223221041-f8d79ee3c9c1 h1:n+g/2ipAHbXmBA1PNlOUjt2ce9gtg0qmTY4Gx1ZeO0U=
alon.kr/x/macho v0.0.0-20250223221041-f8d79ee3c9c1/go.mod h1:sT6z7P9btF+g0GlLTrX5uneSCQIu7Zyu+2pji7jEDs8=
alon.kr/x/set v0.0.0-20250319203758-c0328d5645c9 h1:SDppGwkUyICz4MNVl6ckNoZVZovlRyLZpizTw2Drb9A=
alon.kr/x/set v0.0.0-20250319203758-c0328d5645c9/go.mod h1:w/EwjsTCmkQk+vENh7DJ8PnVbIMSTMWQnSBqV7bUs4I=
alon.kr/x/stack v0.0.0-20241231201659-c96903670d6f h1:Dj3XxhTOp2giWUqOeI+7/1T2vGL39Ws7XbuaOtmv5/M=
alon.kr/x/stack v0.0.0-20241231201659-c96903670d6f/go.mod h1:q0qaNr8gsV5IpV3vbjWF1CoGJK1+b1x4UcqaAtDmF9A=
alon.kr/x/view v0.0.0-20241117132723-5c30dbef3c86 h1:Wp3skgdAxmqVEJBO5rqlwVvVsSgsG1LiH8ltbJjD4f0=
alon.kr/x/view v0.0.0-20241117132723-5c30dbef3c86/go.mod h1:d52sTAJJ2e9k+DyAk6kgX4WuLk41HjfGZJuQEpF1KQU=
alon.kr/x/writertoutils v1.3.0 h1:RLYCHndg17OdayzuvKTcW2II+UypeWm4g1+mBpnqUmM=
alon.kr/x/writertoutils v1.3.0/go.mod h1:D/whbqra9MZR98gt9+F3U9LORsFqYtYkum53pQ27Vlc=
github.com/agnivade/levenshtein v1.2.1 h1:EHBY3UOn1gwdy/VbFwgo4cxecRznFk7fKWN1KOX7eoM=
github.com/agnivade/levenshtein v1.2.1/go.mod h1:QVVI16kDrtSuwcpd0p1+xMC6Z/VfhtCyDIjcwga4/DU=
github.com/arbovm/levenshtein v0.0.0-20160628152529-48b4e1c0c4d0 h1:jfIu9sQUG6Ig+0+Ap1h4unLjW6YQJpKZVmUzxsD4E/Q=
github.com/arbovm/levenshtein v0.0.0-20160628152529-48b4e1c0c4d0/go.mod h1:t2tdKJDJF9BV14lnkjHmOQgcvEKgtqs5a1N3LNdJhGE=
github.com/cpuguy83/go-md2man/v2 v2.0.4/go.mod h1:tgQtvFlXSQOSOSIRvRPT7W67SCa46tRHOmNcaadrF8o=
github.com/davecgh/go-spew v1.1.1 h1:vj9j/u1bqnvCEfJOwUhtlOARqs3+rkHYY13jYWTU97c=
github.com/davecgh/go-spew v1.1.1/go.mod h1:J7Y8YcW2NihsgmVo/mv3lAwl/skON4iLHjSsI+c5H38=
github.com/dgryski/trifles v0.0.0-20230903005119-f50d829f2e54 h1:SG7nF6SRlWhcT7cNTs5R6Hk4V2lcmLz2NsG2VnInyNo=
github.com/dgryski/trifles v0.0.0-20230903005119-f50d829f2e54/go.mod h1:if7Fbed8SFyPtHLHbg49SI7NAdJiC5WIA09pe59rfAA=
github.com/fatih/color v1.18.0 h1:S8gINlzdQ840/4pfAwic/ZE0djQEH3wM94VfqLTZcOM=
github.com/fatih/color v1.18.0/go.mod h1:4FelSpRwEGDpQ12mAdzqdOukCy4u8WUtOY6lkT/6HfU=
github.com/inconshreveable/mousetrap v1.1.0 h1:wN+x4NVGpMsO7ErUn/mUI3vEoE6Jt13X2s0bqwp9tc8=
github.com/inconshreveable/mousetrap v1.1.0/go.mod h1:vpF70FUmC8bwa3OWnCshd2FqLfsEA9PFc4w1p2J65bw=
github.com/mattn/go-colorable v0.1.13 h1:fFA4WZxdEF4tXPZVKMLwD8oUnCTTo08duU7wxecdEvA=
github.com/mattn/go-colorable v0.1.13/go.mod h1:7S9/ev0klgBDR4GtXTXX8a3vIGJpMovkB8vQcUbaXHg=
github.com/mattn/go-isatty v0.0.16/go.mod h1:kYGgaQfpe5nmfYZH+SKPsOc2e4SrIfOl2e/yFXSvRLM=
github.com/mattn/go-isatty v0.0.20 h1:xfD0iDuEKnDkl03q4limB+vH+GxLEtL/jb4xVJSWWEY=
github.com/mattn/go-isatty v0.0.20/go.mod h1:W+V8PltTTMOvKvAeJH7IuucS94S2C6jfK/D7dTCTo3Y=
github.com/pmezard/go-difflib v1.0.0 h1:4DBwDE0NGyQoBHbLQYPwSUPoCMWR5BEzIk/f1lZbAQM=
github.com/pmezard/go-difflib v1.0.0/go.mod h1:iKH77koFhYxTK1pcRnkKkqfTogsbg7gZNVY4sRDYZ/4=
github.com/russross/blackfriday/v2 v2.1.0/go.mod h1:+Rmxgy9KzJVeS9/2gXHxylqXiyQDYRxCVz55jmeOWTM=
github.com/spf13/cobra v1.8.1 h1:e5/vxKd/rZsfSJMUX1agtjeTDf+qv1/JdBF8gg5k9ZM=
github.com/spf13/cobra v1.8.1/go.mod h1:wHxEcudfqmLYa8iTfL+OuZPbBZkmvliBWKIezN3kD9Y=
github.com/spf13/pflag v1.0.5 h1:iy+VFUOCP1a+8yFto/drg2CJ5u0yRoB7fZw3DKv/JXA=
github.com/spf13/pflag v1.0.5/go.mod h1:McXfInJRrz4CZXVZOBLb0bTZqETkiAhM9Iw0y3An2Bg=
github.com/stretchr/testify v1.10.0 h1:Xv5erBjTwe/5IxqUQTdXv5kgmIvbHo3QQyRwhJsOfJA=
github.com/stretchr/testify v1.10.0/go.mod h1:r2ic/lqez/lEtzL7wO/rwa5dbSLXVDPFyf8C91i36aY=
golang.org/x/exp v0.0.0-20241108190413-2d47ceb2692f h1:XdNn9LlyWAhLVp6P/i8QYBW+hlyhrhei9uErw2B5GJo=
golang.org/x/exp v0.0.0-20241108190413-2d47ceb2692f/go.mod h1:D5SMRVC3C2/4+F/DB1wZsLRnSNimn2Sp/NPsCrsv8ak=
golang.org/x/sys v0.0.0-20220811171246-fbc7d0a398ab/go.mod h1:oPkhp1MJrh7nUepCBck5+mAzfO9JrbApNNgaTdGDITg=
golang.org/x/sys v0.6.0/go.mod h1:oPkhp1MJrh7nUepCBck5+mAzfO9JrbApNNgaTdGDITg=
golang.org/x/sys v0.25.0 h1:r+8e+loiHxRqhXVl6ML1nO3l1+oFoWbnlu2Ehimmi34=
golang.org/x/sys v0.25.0/go.mod h1:/VUhepiaJMQUp4+oa/7Zr1D23ma6VTLIYjOOTFZPUcA=
gopkg.in/check.v1 v0.0.0-20161208181325-20d25e280405 h1:yhCVgyC4o1eVCa2tZl7eS0r+SDo693bJlVdllGtEeKM=
gopkg.in/check.v1 v0.0.0-20161208181325-20d25e280405/go.mod h1:Co6ibVJAznAaIkqp8huTwlJQCZ016jof/cbN4VW5Yz0=
gopkg.in/yaml.v3 v3.0.1 h1:fxVm/GzAzEWqLHuvctI91KS9hhNmmWOoWu0XTYJS7CA=
gopkg.in/yaml.v3 v3.0.1/go.mod h1:K4uyk7z7BCEPqu6E+C64Yfv1cQ7kz7rIZviUmN+EgEM=
